
Microsoft Visual Studio Solution File, Format Version 12.00
# Visual Studio 14
VisualStudioVersion = 14.0.25420.1
MinimumVisualStudioVersion = 10.0.40219.1
Project("{FAE04EC0-301F-11D3-BF4B-00C04F79EFBC}") = "CheckOut53", "CheckOut53\CheckOut53.csproj", "{CCC0918B-19A9-4FA2-95EF-8B9826EC94AE}"
EndProject
Project("{FAE04EC0-301F-11D3-BF4B-00C04F79EFBC}") = "UnitTesting", "UnitTesting\UnitTesting.csproj", "{7151FEEF-34B3-4DBE-BC31-D650D204D24B}"
EndProject
Global
	GlobalSection(SolutionConfigurationPlatforms) = preSolution
		Debug|Any CPU = Debug|Any CPU
		Release|Any CPU = Release|Any CPU
	EndGlobalSection
	GlobalSection(ProjectConfigurationPlatforms) = postSolution
		{CCC0918B-19A9-4FA2-95EF-8B9826EC94AE}.Debug|Any CPU.ActiveCfg = Debug|Any CPU
		{CCC0918B-19A9-4FA2-95EF-8B9826EC94AE}.Debug|Any CPU.Build.0 = Debug|Any CPU
		{CCC0918B-19A9-4FA2-95EF-8B9826EC94AE}.Release|Any CPU.ActiveCfg = Release|Any CPU
		{CCC0918B-19A9-4FA2-95EF-8B9826EC94AE}.Release|Any CPU.Build.0 = Release|Any CPU
		{7151FEEF-34B3-4DBE-BC31-D650D204D24B}.Debug|Any CPU.ActiveCfg = Debug|Any CPU
		{7151FEEF-34B3-4DBE-BC31-D650D204D24B}.Debug|Any CPU.Build.0 = Debug|Any CPU
		{7151FEEF-34B3-4DBE-BC31-D650D204D24B}.Release|Any CPU.ActiveCfg = Release|Any CPU
		{7151FEEF-34B3-4DBE-BC31-D650D204D24B}.Release|Any CPU.Build.0 = Release|Any CPU
	EndGlobalSection
	GlobalSection(SolutionProperties) = preSolution
		HideSolutionNode = FALSE
	EndGlobalSection
EndGlobal
